
Microsoft Visual Studio Solution File, Format Version 12.00
# Visual Studio 15
VisualStudioVersion = 15.0.27703.2042
MinimumVisualStudioVersion = 10.0.40219.1
Project("{FAE04EC0-301F-11D3-BF4B-00C04F79EFBC}") = "CO", "CO\CO.csproj", "{715D1F42-2FB5-49DF-943E-6B83A103174E}"
EndProject
Global
	GlobalSection(SolutionConfigurationPlatforms) = preSolution
		Debug|Any CPU = Debug|Any CPU
		Release|Any CPU = Release|Any CPU
	EndGlobalSection
	GlobalSection(ProjectConfigurationPlatforms) = postSolution
		{715D1F42-2FB5-49DF-943E-6B83A103174E}.Debug|Any CPU.ActiveCfg = Debug|Any CPU
		{715D1F42-2FB5-49DF-943E-6B83A103174E}.Debug|Any CPU.Build.0 = Debug|Any CPU
		{715D1F42-2FB5-49DF-943E-6B83A103174E}.Release|Any CPU.ActiveCfg = Release|Any CPU
		{715D1F42-2FB5-49DF-943E-6B83A103174E}.Release|Any CPU.Build.0 = Release|Any CPU
	EndGlobalSection
	GlobalSection(SolutionProperties) = preSolution
		HideSolutionNode = FALSE
	EndGlobalSection
	GlobalSection(ExtensibilityGlobals) = postSolution
		SolutionGuid = {28F1CACF-DB53-4943-BC6F-716526F5DFF6}
	EndGlobalSection
EndGlobal
